
Microsoft Visual Studio Solution File, Format Version 12.00
# Visual Studio Version 16
VisualStudioVersion = 16.0.29123.88
MinimumVisualStudioVersion = 10.0.40219.1
Project("{FAE04EC0-301F-11D3-BF4B-00C04F79EFBC}") = "EmailWithAttachedFile", "EmailWithAttachedFile.csproj", "{F815A717-0785-4874-A7C9-F8F1EFC4B299}"
EndProject
Project("{FAE04EC0-301F-11D3-BF4B-00C04F79EFBC}") = "AddAdditionalEmailAddrs", "..\AddAdditionalEmailAddrs\AddAdditionalEmailAddrs.csproj", "{62027678-9991-4C68-9604-7C45BA37C3E8}"
EndProject
Global
	GlobalSection(SolutionConfigurationPlatforms) = preSolution
		Debug|Any CPU = Debug|Any CPU
		Release|Any CPU = Release|Any CPU
	EndGlobalSection
	GlobalSection(ProjectConfigurationPlatforms) = postSolution
		{F815A717-0785-4874-A7C9-F8F1EFC4B299}.Debug|Any CPU.ActiveCfg = Debug|Any CPU
		{F815A717-0785-4874-A7C9-F8F1EFC4B299}.Debug|Any CPU.Build.0 = Debug|Any CPU
		{F815A717-0785-4874-A7C9-F8F1EFC4B299}.Release|Any CPU.ActiveCfg = Release|Any CPU
		{F815A717-0785-4874-A7C9-F8F1EFC4B299}.Release|Any CPU.Build.0 = Release|Any CPU
		{62027678-9991-4C68-9604-7C45BA37C3E8}.Debug|Any CPU.ActiveCfg = Debug|Any CPU
		{62027678-9991-4C68-9604-7C45BA37C3E8}.Debug|Any CPU.Build.0 = Debug|Any CPU
		{62027678-9991-4C68-9604-7C45BA37C3E8}.Release|Any CPU.ActiveCfg = Release|Any CPU
		{62027678-9991-4C68-9604-7C45BA37C3E8}.Release|Any CPU.Build.0 = Release|Any CPU
	EndGlobalSection
	GlobalSection(SolutionProperties) = preSolution
		HideSolutionNode = FALSE
	EndGlobalSection
	GlobalSection(ExtensibilityGlobals) = postSolution
		SolutionGuid = {0AA4E99B-D70C-49D5-85A3-8DADE917C5C6}
	EndGlobalSection
EndGlobal
